// !$*UTF8*$!
{
	archiveVersion = 1;
	classes = {
	};
	objectVersion = 46;
	objects = {

/* Begin PBXBuildFile section */
		AA6C748E1971A89F0092BFE5 /* AppDelegate.swift in Sources */ = {isa = PBXBuildFile; fileRef = AA6C748D1971A89F0092BFE5 /* AppDelegate.swift */; };
		AA6C74901971A89F0092BFE5 /* Images.xcassets in Resources */ = {isa = PBXBuildFile; fileRef = AA6C748F1971A89F0092BFE5 /* Images.xcassets */; };
		AA6C749C1971A89F0092BFE5 /* fingertipsTests.swift in Sources */ = {isa = PBXBuildFile; fileRef = AA6C749B1971A89F0092BFE5 /* fingertipsTests.swift */; };
		AA6C74A71971A96B0092BFE5 /* TipsTableViewController.swift in Sources */ = {isa = PBXBuildFile; fileRef = AA6C74A51971A96B0092BFE5 /* TipsTableViewController.swift */; };
		AA6C74A81971A96B0092BFE5 /* TipsTableViewController.xib in Resources */ = {isa = PBXBuildFile; fileRef = AA6C74A61971A96B0092BFE5 /* TipsTableViewController.xib */; };
		AAF1F3211971AC830008991F /* TipsTableViewCell.swift in Sources */ = {isa = PBXBuildFile; fileRef = AAF1F31F1971AC830008991F /* TipsTableViewCell.swift */; };
		AAF1F3221971AC830008991F /* TipsTableViewCell.xib in Resources */ = {isa = PBXBuildFile; fileRef = AAF1F3201971AC830008991F /* TipsTableViewCell.xib */; };
		AAF1F3241971ACBB0008991F /* TipsItem.swift in Sources */ = {isa = PBXBuildFile; fileRef = AAF1F3231971ACBB0008991F /* TipsItem.swift */; };
/* End PBXBuildFile section */

/* Begin PBXContainerItemProxy section */
		AA6C74961971A89F0092BFE5 /* PBXContainerItemProxy */ = {
			isa = PBXContainerItemProxy;
			containerPortal = AA6C74801971A89F0092BFE5 /* Project object */;
			proxyType = 1;
			remoteGlobalIDString = AA6C74871971A89F0092BFE5;
			remoteInfo = fingertips;
		};
/* End PBXContainerItemProxy section */

/* Begin PBXFileReference section */
		AA6C74881971A89F0092BFE5 /* fingertips.app */ = {isa = PBXFileReference; explicitFileType = wrapper.application; includeInIndex = 0; path = fingertips.app; sourceTree = BUILT_PRODUCTS_DIR; };
		AA6C748C1971A89F0092BFE5 /* Info.plist */ = {isa = PBXFileReference; lastKnownFileType = text.plist.xml; path = Info.plist; sourceTree = "<group>"; };
		AA6C748D1971A89F0092BFE5 /* AppDelegate.swift */ = {isa = PBXFileReference; lastKnownFileType = sourcecode.swift; path = AppDelegate.swift; sourceTree = "<group>"; };
		AA6C748F1971A89F0092BFE5 /* Images.xcassets */ = {isa = PBXFileReference; lastKnownFileType = folder.assetcatalog; path = Images.xcassets; sourceTree = "<group>"; };
		AA6C74951971A89F0092BFE5 /* fingertipsTests.xctest */ = {isa = PBXFileReference; explicitFileType = wrapper.cfbundle; includeInIndex = 0; path = fingertipsTests.xctest; sourceTree = BUILT_PRODUCTS_DIR; };
		AA6C749A1971A89F0092BFE5 /* Info.plist */ = {isa = PBXFileReference; lastKnownFileType = text.plist.xml; path = Info.plist; sourceTree = "<group>"; };
		AA6C749B1971A89F0092BFE5 /* fingertipsTests.swift */ = {isa = PBXFileReference; lastKnownFileType = sourcecode.swift; path = fingertipsTests.swift; sourceTree = "<group>"; };
		AA6C74A51971A96B0092BFE5 /* TipsTableViewController.swift */ = {isa = PBXFileReference; fileEncoding = 4; lastKnownFileType = sourcecode.swift; path = TipsTableViewController.swift; sourceTree = "<group>"; };
		AA6C74A61971A96B0092BFE5 /* TipsTableViewController.xib */ = {isa = PBXFileReference; fileEncoding = 4; lastKnownFileType = file.xib; path = TipsTableViewController.xib; sourceTree = "<group>"; };
		AAF1F31F1971AC830008991F /* TipsTableViewCell.swift */ = {isa = PBXFileReference; fileEncoding = 4; lastKnownFileType = sourcecode.swift; path = TipsTableViewCell.swift; sourceTree = "<group>"; };
		AAF1F3201971AC830008991F /* TipsTableViewCell.xib */ = {isa = PBXFileReference; fileEncoding = 4; lastKnownFileType = file.xib; path = TipsTableViewCell.xib; sourceTree = "<group>"; };
		AAF1F3231971ACBB0008991F /* TipsItem.swift */ = {isa = PBXFileReference; fileEncoding = 4; lastKnownFileType = sourcecode.swift; path = TipsItem.swift; sourceTree = "<group>"; };
/* End PBXFileReference section */

/* Begin PBXFrameworksBuildPhase section */
		AA6C74851971A89F0092BFE5 /* Frameworks */ = {
			isa = PBXFrameworksBuildPhase;
			buildActionMask = 2147483647;
			files = (
			);
			runOnlyForDeploymentPostprocessing = 0;
		};
		AA6C74921971A89F0092BFE5 /* Frameworks */ = {
			isa = PBXFrameworksBuildPhase;
			buildActionMask = 2147483647;
			files = (
			);
			runOnlyForDeploymentPostprocessing = 0;
		};
/* End PBXFrameworksBuildPhase section */

/* Begin PBXGroup section */
		AA6C747F1971A89F0092BFE5 = {
			isa = PBXGroup;
			children = (
				AA6C748A1971A89F0092BFE5 /* fingertips */,
				AA6C74981971A89F0092BFE5 /* fingertipsTests */,
				AA6C74891971A89F0092BFE5 /* Products */,
			);
			sourceTree = "<group>";
		};
		AA6C74891971A89F0092BFE5 /* Products */ = {
			isa = PBXGroup;
			children = (
				AA6C74881971A89F0092BFE5 /* fingertips.app */,
				AA6C74951971A89F0092BFE5 /* fingertipsTests.xctest */,
			);
			name = Products;
			sourceTree = "<group>";
		};
		AA6C748A1971A89F0092BFE5 /* fingertips */ = {
			isa = PBXGroup;
			children = (
				AA6C748D1971A89F0092BFE5 /* AppDelegate.swift */,
				AA6C748F1971A89F0092BFE5 /* Images.xcassets */,
				AA6C748B1971A89F0092BFE5 /* Supporting Files */,
				AA6C74A51971A96B0092BFE5 /* TipsTableViewController.swift */,
				AA6C74A61971A96B0092BFE5 /* TipsTableViewController.xib */,
				AAF1F31F1971AC830008991F /* TipsTableViewCell.swift */,
				AAF1F3201971AC830008991F /* TipsTableViewCell.xib */,
				AAF1F3231971ACBB0008991F /* TipsItem.swift */,
			);
			path = fingertips;
			sourceTree = "<group>";
		};
		AA6C748B1971A89F0092BFE5 /* Supporting Files */ = {
			isa = PBXGroup;
			children = (
				AA6C748C1971A89F0092BFE5 /* Info.plist */,
			);
			name = "Supporting Files";
			sourceTree = "<group>";
		};
		AA6C74981971A89F0092BFE5 /* fingertipsTests */ = {
			isa = PBXGroup;
			children = (
				AA6C749B1971A89F0092BFE5 /* fingertipsTests.swift */,
				AA6C74991971A89F0092BFE5 /* Supporting Files */,
			);
			path = fingertipsTests;
			sourceTree = "<group>";
		};
		AA6C74991971A89F0092BFE5 /* Supporting Files */ = {
			isa = PBXGroup;
			children = (
				AA6C749A1971A89F0092BFE5 /* Info.plist */,
			);
			name = "Supporting Files";
			sourceTree = "<group>";
		};
/* End PBXGroup section */

/* Begin PBXNativeTarget section */
		AA6C74871971A89F0092BFE5 /* fingertips */ = {
			isa = PBXNativeTarget;
			buildConfigurationList = AA6C749F1971A89F0092BFE5 /* Build configuration list for PBXNativeTarget "fingertips" */;
			buildPhases = (
				AA6C74841971A89F0092BFE5 /* Sources */,
				AA6C74851971A89F0092BFE5 /* Frameworks */,
				AA6C74861971A89F0092BFE5 /* Resources */,
			);
			buildRules = (
			);
			dependencies = (
			);
			name = fingertips;
			productName = fingertips;
			productReference = AA6C74881971A89F0092BFE5 /* fingertips.app */;
			productType = "com.apple.product-type.application";
		};
		AA6C74941971A89F0092BFE5 /* fingertipsTests */ = {
			isa = PBXNativeTarget;
			buildConfigurationList = AA6C74A21971A89F0092BFE5 /* Build configuration list for PBXNativeTarget "fingertipsTests" */;
			buildPhases = (
				AA6C74911971A89F0092BFE5 /* Sources */,
				AA6C74921971A89F0092BFE5 /* Frameworks */,
				AA6C74931971A89F0092BFE5 /* Resources */,
			);
			buildRules = (
			);
			dependencies = (
				AA6C74971971A89F0092BFE5 /* PBXTargetDependency */,
			);
			name = fingertipsTests;
			productName = fingertipsTests;
			productReference = AA6C74951971A89F0092BFE5 /* fingertipsTests.xctest */;
			productType = "com.apple.product-type.bundle.unit-test";
		};
/* End PBXNativeTarget section */

/* Begin PBXProject section */
		AA6C74801971A89F0092BFE5 /* Project object */ = {
			isa = PBXProject;
			attributes = {
				LastUpgradeCheck = 0600;
				ORGANIZATIONNAME = Whyllee;
				TargetAttributes = {
					AA6C74871971A89F0092BFE5 = {
						CreatedOnToolsVersion = 6.0;
					};
					AA6C74941971A89F0092BFE5 = {
						CreatedOnToolsVersion = 6.0;
						TestTargetID = AA6C74871971A89F0092BFE5;
					};
				};
			};
			buildConfigurationList = AA6C74831971A89F0092BFE5 /* Build configuration list for PBXProject "fingertips" */;
			compatibilityVersion = "Xcode 3.2";
			developmentRegion = English;
			hasScannedForEncodings = 0;
			knownRegions = (
				en,
			);
			mainGroup = AA6C747F1971A89F0092BFE5;
			productRefGroup = AA6C74891971A89F0092BFE5 /* Products */;
			projectDirPath = "";
			projectRoot = "";
			targets = (
				AA6C74871971A89F0092BFE5 /* fingertips */,
				AA6C74941971A89F0092BFE5 /* fingertipsTests */,
			);
		};
/* End PBXProject section */

/* Begin PBXResourcesBuildPhase section */
		AA6C74861971A89F0092BFE5 /* Resources */ = {
			isa = PBXResourcesBuildPhase;
			buildActionMask = 2147483647;
			files = (
				AA6C74901971A89F0092BFE5 /* Images.xcassets in Resources */,
				AA6C74A81971A96B0092BFE5 /* TipsTableViewController.xib in Resources */,
				AAF1F3221971AC830008991F /* TipsTableViewCell.xib in Resources */,
			);
			runOnlyForDeploymentPostprocessing = 0;
		};
		AA6C74931971A89F0092BFE5 /* Resources */ = {
			isa = PBXResourcesBuildPhase;
			buildActionMask = 2147483647;
			files = (
			);
			runOnlyForDeploymentPostprocessing = 0;
		};
/* End PBXResourcesBuildPhase section */

/* Begin PBXSourcesBuildPhase section */
		AA6C74841971A89F0092BFE5 /* Sources */ = {
			isa = PBXSourcesBuildPhase;
			buildActionMask = 2147483647;
			files = (
				AAF1F3241971ACBB0008991F /* TipsItem.swift in Sources */,
				AA6C748E1971A89F0092BFE5 /* AppDelegate.swift in Sources */,
				AA6C74A71971A96B0092BFE5 /* TipsTableViewController.swift in Sources */,
				AAF1F3211971AC830008991F /* TipsTableViewCell.swift in Sources */,
			);
			runOnlyForDeploymentPostprocessing = 0;
		};
		AA6C74911971A89F0092BFE5 /* Sources */ = {
			isa = PBXSourcesBuildPhase;
			buildActionMask = 2147483647;
			files = (
				AA6C749C1971A89F0092BFE5 /* fingertipsTests.swift in Sources */,
			);
			runOnlyForDeploymentPostprocessing = 0;
		};
/* End PBXSourcesBuildPhase section */

/* Begin PBXTargetDependency section */
		AA6C74971971A89F0092BFE5 /* PBXTargetDependency */ = {
			isa = PBXTargetDependency;
			target = AA6C74871971A89F0092BFE5 /* fingertips */;
			targetProxy = AA6C74961971A89F0092BFE5 /* PBXContainerItemProxy */;
		};
/* End PBXTargetDependency section */

/* Begin XCBuildConfiguration section */
		AA6C749D1971A89F0092BFE5 /* Debug */ = {
			isa = XCBuildConfiguration;
			buildSettings = {
				ALWAYS_SEARCH_USER_PATHS = NO;
				CLANG_CXX_LANGUAGE_STANDARD = "gnu++0x";
				CLANG_CXX_LIBRARY = "libc++";
				CLANG_ENABLE_MODULES = YES;
				CLANG_ENABLE_OBJC_ARC = YES;
				CLANG_WARN_BOOL_CONVERSION = YES;
				CLANG_WARN_CONSTANT_CONVERSION = YES;
				CLANG_WARN_DIRECT_OBJC_ISA_USAGE = YES_ERROR;
				CLANG_WARN_EMPTY_BODY = YES;
				CLANG_WARN_ENUM_CONVERSION = YES;
				CLANG_WARN_INT_CONVERSION = YES;
				CLANG_WARN_OBJC_ROOT_CLASS = YES_ERROR;
				CLANG_WARN_UNREACHABLE_CODE = YES;
				CLANG_WARN__DUPLICATE_METHOD_MATCH = YES;
				"CODE_SIGN_IDENTITY[sdk=iphoneos*]" = "iPhone Developer";
				COPY_PHASE_STRIP = NO;
				ENABLE_STRICT_OBJC_MSGSEND = YES;
				GCC_C_LANGUAGE_STANDARD = gnu99;
				GCC_DYNAMIC_NO_PIC = NO;
				GCC_OPTIMIZATION_LEVEL = 0;
				GCC_PREPROCESSOR_DEFINITIONS = (
					"DEBUG=1",
					"$(inherited)",
				);
				GCC_SYMBOLS_PRIVATE_EXTERN = NO;
				GCC_WARN_64_TO_32_BIT_CONVERSION = YES;
				GCC_WARN_ABOUT_RETURN_TYPE = YES_ERROR;
				GCC_WARN_UNDECLARED_SELECTOR = YES;
				GCC_WARN_UNINITIALIZED_AUTOS = YES_AGGRESSIVE;
				GCC_WARN_UNUSED_FUNCTION = YES;
				GCC_WARN_UNUSED_VARIABLE = YES;
				IPHONEOS_DEPLOYMENT_TARGET = 8.0;
				METAL_ENABLE_DEBUG_INFO = YES;
				ONLY_ACTIVE_ARCH = YES;
				SDKROOT = iphoneos;
				SWIFT_OPTIMIZATION_LEVEL = "-Onone";
			};
			name = Debug;
		};
		AA6C749E1971A89F0092BFE5 /* Release */ = {
			isa = XCBuildConfiguration;
			buildSettings = {
				ALWAYS_SEARCH_USER_PATHS = NO;
				CLANG_CXX_LANGUAGE_STANDARD = "gnu++0x";
				CLANG_CXX_LIBRARY = "libc++";
				CLANG_ENABLE_MODULES = YES;
				CLANG_ENABLE_OBJC_ARC = YES;
				CLANG_WARN_BOOL_CONVERSION = YES;
				CLANG_WARN_CONSTANT_CONVERSION = YES;
				CLANG_WARN_DIRECT_OBJC_ISA_USAGE = YES_ERROR;
				CLANG_WARN_EMPTY_BODY = YES;
				CLANG_WARN_ENUM_CONVERSION = YES;
				CLANG_WARN_INT_CONVERSION = YES;
				CLANG_WARN_OBJC_ROOT_CLASS = YES_ERROR;
				CLANG_WARN_UNREACHABLE_CODE = YES;
				CLANG_WARN__DUPLICATE_METHOD_MATCH = YES;
				"CODE_SIGN_IDENTITY[sdk=iphoneos*]" = "iPhone Developer";
				COPY_PHASE_STRIP = YES;
				ENABLE_NS_ASSERTIONS = NO;
				ENABLE_STRICT_OBJC_MSGSEND = YES;
				GCC_C_LANGUAGE_STANDARD = gnu99;
				GCC_WARN_64_TO_32_BIT_CONVERSION = YES;
				GCC_WARN_ABOUT_RETURN_TYPE = YES_ERROR;
				GCC_WARN_UNDECLARED_SELECTOR = YES;
				GCC_WARN_UNINITIALIZED_AUTOS = YES_AGGRESSIVE;
				GCC_WARN_UNUSED_FUNCTION = YES;
				GCC_WARN_UNUSED_VARIABLE = YES;
				IPHONEOS_DEPLOYMENT_TARGET = 8.0;
				METAL_ENABLE_DEBUG_INFO = NO;
				SDKROOT = iphoneos;
				VALIDATE_PRODUCT = YES;
			};
			name = Release;
		};
		AA6C74A01971A89F0092BFE5 /* Debug */ = {
			isa = XCBuildConfiguration;
			buildSettings = {
				ASSETCATALOG_COMPILER_APPICON_NAME = AppIcon;
				ASSETCATALOG_COMPILER_LAUNCHIMAGE_NAME = LaunchImage;
				CODE_SIGN_IDENTITY = "iPhone Developer";
				INFOPLIST_FILE = fingertips/Info.plist;
				LD_RUNPATH_SEARCH_PATHS = "$(inherited) @executable_path/Frameworks";
				PRODUCT_NAME = "$(TARGET_NAME)";
			};
			name = Debug;
		};
		AA6C74A11971A89F0092BFE5 /* Release */ = {
			isa = XCBuildConfiguration;
			buildSettings = {
				ASSETCATALOG_COMPILER_APPICON_NAME = AppIcon;
				ASSETCATALOG_COMPILER_LAUNCHIMAGE_NAME = LaunchImage;
				CODE_SIGN_IDENTITY = "iPhone Developer";
				INFOPLIST_FILE = fingertips/Info.plist;
				LD_RUNPATH_SEARCH_PATHS = "$(inherited) @executable_path/Frameworks";
				PRODUCT_NAME = "$(TARGET_NAME)";
			};
			name = Release;
		};
		AA6C74A31971A89F0092BFE5 /* Debug */ = {
			isa = XCBuildConfiguration;
			buildSettings = {
				BUNDLE_LOADER = "$(BUILT_PRODUCTS_DIR)/fingertips.app/fingertips";
				FRAMEWORK_SEARCH_PATHS = (
					"$(SDKROOT)/Developer/Library/Frameworks",
					"$(inherited)",
				);
				GCC_PREPROCESSOR_DEFINITIONS = (
					"DEBUG=1",
					"$(inherited)",
				);
				INFOPLIST_FILE = fingertipsTests/Info.plist;
				LD_RUNPATH_SEARCH_PATHS = "$(inherited) @executable_path/Frameworks @loader_path/Frameworks";
				METAL_ENABLE_DEBUG_INFO = YES;
				PRODUCT_NAME = "$(TARGET_NAME)";
				TEST_HOST = "$(BUNDLE_LOADER)";
			};
			name = Debug;
		};
		AA6C74A41971A89F0092BFE5 /* Release */ = {
			isa = XCBuildConfiguration;
			buildSettings = {
				BUNDLE_LOADER = "$(BUILT_PRODUCTS_DIR)/fingertips.app/fingertips";
				FRAMEWORK_SEARCH_PATHS = (
					"$(SDKROOT)/Developer/Library/Frameworks",
					"$(inherited)",
				);
				INFOPLIST_FILE = fingertipsTests/Info.plist;
				LD_RUNPATH_SEARCH_PATHS = "$(inherited) @executable_path/Frameworks @loader_path/Frameworks";
				METAL_ENABLE_DEBUG_INFO = NO;
				PRODUCT_NAME = "$(TARGET_NAME)";
				TEST_HOST = "$(BUNDLE_LOADER)";
			};
			name = Release;
		};
/* End XCBuildConfiguration section */

/* Begin XCConfigurationList section */
		AA6C74831971A89F0092BFE5 /* Build configuration list for PBXProject "fingertips" */ = {
			isa = XCConfigurationList;
			buildConfigurations = (
				AA6C749D1971A89F0092BFE5 /* Debug */,
				AA6C749E1971A89F0092BFE5 /* Release */,
			);
			defaultConfigurationIsVisible = 0;
			defaultConfigurationName = Release;
		};
		AA6C749F1971A89F0092BFE5 /* Build configuration list for PBXNativeTarget "fingertips" */ = {
			isa = XCConfigurationList;
			buildConfigurations = (
				AA6C74A01971A89F0092BFE5 /* Debug */,
				AA6C74A11971A89F0092BFE5 /* Release */,
			);
			defaultConfigurationIsVisible = 0;
			defaultConfigurationName = Release;
		};
		AA6C74A21971A89F0092BFE5 /* Build configuration list for PBXNativeTarget "fingertipsTests" */ = {
			isa = XCConfigurationList;
			buildConfigurations = (
				AA6C74A31971A89F0092BFE5 /* Debug */,
				AA6C74A41971A89F0092BFE5 /* Release */,
			);
			defaultConfigurationIsVisible = 0;
			defaultConfigurationName = Release;
		};
/* End XCConfigurationList section */
	};
	rootObject = AA6C74801971A89F0092BFE5 /* Project object */;
}
