// !$*UTF8*$!
{
	archiveVersion = 1;
	classes = {
	};
	objectVersion = 46;
	objects = {

/* Begin PBXBuildFile section */
		AA340D90195DD2500060E412 /* Foundation.framework in Frameworks */ = {isa = PBXBuildFile; fileRef = AA340D8F195DD2500060E412 /* Foundation.framework */; };
		AA340D92195DD2500060E412 /* CoreGraphics.framework in Frameworks */ = {isa = PBXBuildFile; fileRef = AA340D91195DD2500060E412 /* CoreGraphics.framework */; };
		AA340D94195DD2500060E412 /* UIKit.framework in Frameworks */ = {isa = PBXBuildFile; fileRef = AA340D93195DD2500060E412 /* UIKit.framework */; };
		AA340D9A195DD2500060E412 /* InfoPlist.strings in Resources */ = {isa = PBXBuildFile; fileRef = AA340D98195DD2500060E412 /* InfoPlist.strings */; };
		AA340D9C195DD2500060E412 /* main.m in Sources */ = {isa = PBXBuildFile; fileRef = AA340D9B195DD2500060E412 /* main.m */; };
		AA340DA0195DD2500060E412 /* FTAppDelegate.m in Sources */ = {isa = PBXBuildFile; fileRef = AA340D9F195DD2500060E412 /* FTAppDelegate.m */; };
		AA340DA3195DD2500060E412 /* Main_iPhone.storyboard in Resources */ = {isa = PBXBuildFile; fileRef = AA340DA1195DD2500060E412 /* Main_iPhone.storyboard */; };
		AA340DA6195DD2500060E412 /* Main_iPad.storyboard in Resources */ = {isa = PBXBuildFile; fileRef = AA340DA4195DD2500060E412 /* Main_iPad.storyboard */; };
		AA340DA9195DD2500060E412 /* FTFirstViewController.m in Sources */ = {isa = PBXBuildFile; fileRef = AA340DA8195DD2500060E412 /* FTFirstViewController.m */; };
		AA340DAC195DD2500060E412 /* FTSecondViewController.m in Sources */ = {isa = PBXBuildFile; fileRef = AA340DAB195DD2500060E412 /* FTSecondViewController.m */; };
		AA340DAE195DD2500060E412 /* Images.xcassets in Resources */ = {isa = PBXBuildFile; fileRef = AA340DAD195DD2500060E412 /* Images.xcassets */; };
		AA340DB5195DD2500060E412 /* XCTest.framework in Frameworks */ = {isa = PBXBuildFile; fileRef = AA340DB4195DD2500060E412 /* XCTest.framework */; };
		AA340DB6195DD2500060E412 /* Foundation.framework in Frameworks */ = {isa = PBXBuildFile; fileRef = AA340D8F195DD2500060E412 /* Foundation.framework */; };
		AA340DB7195DD2500060E412 /* UIKit.framework in Frameworks */ = {isa = PBXBuildFile; fileRef = AA340D93195DD2500060E412 /* UIKit.framework */; };
		AA340DBF195DD2500060E412 /* InfoPlist.strings in Resources */ = {isa = PBXBuildFile; fileRef = AA340DBD195DD2500060E412 /* InfoPlist.strings */; };
		AA340DC1195DD2500060E412 /* FingerTipsTests.m in Sources */ = {isa = PBXBuildFile; fileRef = AA340DC0195DD2500060E412 /* FingerTipsTests.m */; };
/* End PBXBuildFile section */

/* Begin PBXContainerItemProxy section */
		AA340DB8195DD2500060E412 /* PBXContainerItemProxy */ = {
			isa = PBXContainerItemProxy;
			containerPortal = AA340D84195DD2500060E412 /* Project object */;
			proxyType = 1;
			remoteGlobalIDString = AA340D8B195DD2500060E412;
			remoteInfo = FingerTips;
		};
/* End PBXContainerItemProxy section */

/* Begin PBXFileReference section */
		AA340D8C195DD2500060E412 /* FingerTips.app */ = {isa = PBXFileReference; explicitFileType = wrapper.application; includeInIndex = 0; path = FingerTips.app; sourceTree = BUILT_PRODUCTS_DIR; };
		AA340D8F195DD2500060E412 /* Foundation.framework */ = {isa = PBXFileReference; lastKnownFileType = wrapper.framework; name = Foundation.framework; path = System/Library/Frameworks/Foundation.framework; sourceTree = SDKROOT; };
		AA340D91195DD2500060E412 /* CoreGraphics.framework */ = {isa = PBXFileReference; lastKnownFileType = wrapper.framework; name = CoreGraphics.framework; path = System/Library/Frameworks/CoreGraphics.framework; sourceTree = SDKROOT; };
		AA340D93195DD2500060E412 /* UIKit.framework */ = {isa = PBXFileReference; lastKnownFileType = wrapper.framework; name = UIKit.framework; path = System/Library/Frameworks/UIKit.framework; sourceTree = SDKROOT; };
		AA340D97195DD2500060E412 /* FingerTips-Info.plist */ = {isa = PBXFileReference; lastKnownFileType = text.plist.xml; path = "FingerTips-Info.plist"; sourceTree = "<group>"; };
		AA340D99195DD2500060E412 /* en */ = {isa = PBXFileReference; lastKnownFileType = text.plist.strings; name = en; path = en.lproj/InfoPlist.strings; sourceTree = "<group>"; };
		AA340D9B195DD2500060E412 /* main.m */ = {isa = PBXFileReference; lastKnownFileType = sourcecode.c.objc; path = main.m; sourceTree = "<group>"; };
		AA340D9D195DD2500060E412 /* FingerTips-Prefix.pch */ = {isa = PBXFileReference; lastKnownFileType = sourcecode.c.h; path = "FingerTips-Prefix.pch"; sourceTree = "<group>"; };
		AA340D9E195DD2500060E412 /* FTAppDelegate.h */ = {isa = PBXFileReference; lastKnownFileType = sourcecode.c.h; path = FTAppDelegate.h; sourceTree = "<group>"; };
		AA340D9F195DD2500060E412 /* FTAppDelegate.m */ = {isa = PBXFileReference; lastKnownFileType = sourcecode.c.objc; path = FTAppDelegate.m; sourceTree = "<group>"; };
		AA340DA2195DD2500060E412 /* Base */ = {isa = PBXFileReference; lastKnownFileType = file.storyboard; name = Base; path = Base.lproj/Main_iPhone.storyboard; sourceTree = "<group>"; };
		AA340DA5195DD2500060E412 /* Base */ = {isa = PBXFileReference; lastKnownFileType = file.storyboard; name = Base; path = Base.lproj/Main_iPad.storyboard; sourceTree = "<group>"; };
		AA340DA7195DD2500060E412 /* FTFirstViewController.h */ = {isa = PBXFileReference; lastKnownFileType = sourcecode.c.h; path = FTFirstViewController.h; sourceTree = "<group>"; };
		AA340DA8195DD2500060E412 /* FTFirstViewController.m */ = {isa = PBXFileReference; lastKnownFileType = sourcecode.c.objc; path = FTFirstViewController.m; sourceTree = "<group>"; };
		AA340DAA195DD2500060E412 /* FTSecondViewController.h */ = {isa = PBXFileReference; lastKnownFileType = sourcecode.c.h; path = FTSecondViewController.h; sourceTree = "<group>"; };
		AA340DAB195DD2500060E412 /* FTSecondViewController.m */ = {isa = PBXFileReference; lastKnownFileType = sourcecode.c.objc; path = FTSecondViewController.m; sourceTree = "<group>"; };
		AA340DAD195DD2500060E412 /* Images.xcassets */ = {isa = PBXFileReference; lastKnownFileType = folder.assetcatalog; path = Images.xcassets; sourceTree = "<group>"; };
		AA340DB3195DD2500060E412 /* FingerTipsTests.xctest */ = {isa = PBXFileReference; explicitFileType = wrapper.cfbundle; includeInIndex = 0; path = FingerTipsTests.xctest; sourceTree = BUILT_PRODUCTS_DIR; };
		AA340DB4195DD2500060E412 /* XCTest.framework */ = {isa = PBXFileReference; lastKnownFileType = wrapper.framework; name = XCTest.framework; path = Library/Frameworks/XCTest.framework; sourceTree = DEVELOPER_DIR; };
		AA340DBC195DD2500060E412 /* FingerTipsTests-Info.plist */ = {isa = PBXFileReference; lastKnownFileType = text.plist.xml; path = "FingerTipsTests-Info.plist"; sourceTree = "<group>"; };
		AA340DBE195DD2500060E412 /* en */ = {isa = PBXFileReference; lastKnownFileType = text.plist.strings; name = en; path = en.lproj/InfoPlist.strings; sourceTree = "<group>"; };
		AA340DC0195DD2500060E412 /* FingerTipsTests.m */ = {isa = PBXFileReference; lastKnownFileType = sourcecode.c.objc; path = FingerTipsTests.m; sourceTree = "<group>"; };
/* End PBXFileReference section */

/* Begin PBXFrameworksBuildPhase section */
		AA340D89195DD2500060E412 /* Frameworks */ = {
			isa = PBXFrameworksBuildPhase;
			buildActionMask = 2147483647;
			files = (
				AA340D92195DD2500060E412 /* CoreGraphics.framework in Frameworks */,
				AA340D94195DD2500060E412 /* UIKit.framework in Frameworks */,
				AA340D90195DD2500060E412 /* Foundation.framework in Frameworks */,
			);
			runOnlyForDeploymentPostprocessing = 0;
		};
		AA340DB0195DD2500060E412 /* Frameworks */ = {
			isa = PBXFrameworksBuildPhase;
			buildActionMask = 2147483647;
			files = (
				AA340DB5195DD2500060E412 /* XCTest.framework in Frameworks */,
				AA340DB7195DD2500060E412 /* UIKit.framework in Frameworks */,
				AA340DB6195DD2500060E412 /* Foundation.framework in Frameworks */,
			);
			runOnlyForDeploymentPostprocessing = 0;
		};
/* End PBXFrameworksBuildPhase section */

/* Begin PBXGroup section */
		AA340D83195DD2500060E412 = {
			isa = PBXGroup;
			children = (
				AA340D95195DD2500060E412 /* FingerTips */,
				AA340DBA195DD2500060E412 /* FingerTipsTests */,
				AA340D8E195DD2500060E412 /* Frameworks */,
				AA340D8D195DD2500060E412 /* Products */,
			);
			sourceTree = "<group>";
		};
		AA340D8D195DD2500060E412 /* Products */ = {
			isa = PBXGroup;
			children = (
				AA340D8C195DD2500060E412 /* FingerTips.app */,
				AA340DB3195DD2500060E412 /* FingerTipsTests.xctest */,
			);
			name = Products;
			sourceTree = "<group>";
		};
		AA340D8E195DD2500060E412 /* Frameworks */ = {
			isa = PBXGroup;
			children = (
				AA340D8F195DD2500060E412 /* Foundation.framework */,
				AA340D91195DD2500060E412 /* CoreGraphics.framework */,
				AA340D93195DD2500060E412 /* UIKit.framework */,
				AA340DB4195DD2500060E412 /* XCTest.framework */,
			);
			name = Frameworks;
			sourceTree = "<group>";
		};
		AA340D95195DD2500060E412 /* FingerTips */ = {
			isa = PBXGroup;
			children = (
				AA340D9E195DD2500060E412 /* FTAppDelegate.h */,
				AA340D9F195DD2500060E412 /* FTAppDelegate.m */,
				AA340DA1195DD2500060E412 /* Main_iPhone.storyboard */,
				AA340DA4195DD2500060E412 /* Main_iPad.storyboard */,
				AA340DA7195DD2500060E412 /* FTFirstViewController.h */,
				AA340DA8195DD2500060E412 /* FTFirstViewController.m */,
				AA340DAA195DD2500060E412 /* FTSecondViewController.h */,
				AA340DAB195DD2500060E412 /* FTSecondViewController.m */,
				AA340DAD195DD2500060E412 /* Images.xcassets */,
				AA340D96195DD2500060E412 /* Supporting Files */,
			);
			path = FingerTips;
			sourceTree = "<group>";
		};
		AA340D96195DD2500060E412 /* Supporting Files */ = {
			isa = PBXGroup;
			children = (
				AA340D97195DD2500060E412 /* FingerTips-Info.plist */,
				AA340D98195DD2500060E412 /* InfoPlist.strings */,
				AA340D9B195DD2500060E412 /* main.m */,
				AA340D9D195DD2500060E412 /* FingerTips-Prefix.pch */,
			);
			name = "Supporting Files";
			sourceTree = "<group>";
		};
		AA340DBA195DD2500060E412 /* FingerTipsTests */ = {
			isa = PBXGroup;
			children = (
				AA340DC0195DD2500060E412 /* FingerTipsTests.m */,
				AA340DBB195DD2500060E412 /* Supporting Files */,
			);
			path = FingerTipsTests;
			sourceTree = "<group>";
		};
		AA340DBB195DD2500060E412 /* Supporting Files */ = {
			isa = PBXGroup;
			children = (
				AA340DBC195DD2500060E412 /* FingerTipsTests-Info.plist */,
				AA340DBD195DD2500060E412 /* InfoPlist.strings */,
			);
			name = "Supporting Files";
			sourceTree = "<group>";
		};
/* End PBXGroup section */

/* Begin PBXNativeTarget section */
		AA340D8B195DD2500060E412 /* FingerTips */ = {
			isa = PBXNativeTarget;
			buildConfigurationList = AA340DC4195DD2500060E412 /* Build configuration list for PBXNativeTarget "FingerTips" */;
			buildPhases = (
				AA340D88195DD2500060E412 /* Sources */,
				AA340D89195DD2500060E412 /* Frameworks */,
				AA340D8A195DD2500060E412 /* Resources */,
			);
			buildRules = (
			);
			dependencies = (
			);
			name = FingerTips;
			productName = FingerTips;
			productReference = AA340D8C195DD2500060E412 /* FingerTips.app */;
			productType = "com.apple.product-type.application";
		};
		AA340DB2195DD2500060E412 /* FingerTipsTests */ = {
			isa = PBXNativeTarget;
			buildConfigurationList = AA340DC7195DD2500060E412 /* Build configuration list for PBXNativeTarget "FingerTipsTests" */;
			buildPhases = (
				AA340DAF195DD2500060E412 /* Sources */,
				AA340DB0195DD2500060E412 /* Frameworks */,
				AA340DB1195DD2500060E412 /* Resources */,
			);
			buildRules = (
			);
			dependencies = (
				AA340DB9195DD2500060E412 /* PBXTargetDependency */,
			);
			name = FingerTipsTests;
			productName = FingerTipsTests;
			productReference = AA340DB3195DD2500060E412 /* FingerTipsTests.xctest */;
			productType = "com.apple.product-type.bundle.unit-test";
		};
/* End PBXNativeTarget section */

/* Begin PBXProject section */
		AA340D84195DD2500060E412 /* Project object */ = {
			isa = PBXProject;
			attributes = {
				CLASSPREFIX = FT;
				LastUpgradeCheck = 0510;
				ORGANIZATIONNAME = Whyllee;
				TargetAttributes = {
					AA340DB2195DD2500060E412 = {
						TestTargetID = AA340D8B195DD2500060E412;
					};
				};
			};
			buildConfigurationList = AA340D87195DD2500060E412 /* Build configuration list for PBXProject "FingerTips" */;
			compatibilityVersion = "Xcode 3.2";
			developmentRegion = English;
			hasScannedForEncodings = 0;
			knownRegions = (
				en,
				Base,
			);
			mainGroup = AA340D83195DD2500060E412;
			productRefGroup = AA340D8D195DD2500060E412 /* Products */;
			projectDirPath = "";
			projectRoot = "";
			targets = (
				AA340D8B195DD2500060E412 /* FingerTips */,
				AA340DB2195DD2500060E412 /* FingerTipsTests */,
			);
		};
/* End PBXProject section */

/* Begin PBXResourcesBuildPhase section */
		AA340D8A195DD2500060E412 /* Resources */ = {
			isa = PBXResourcesBuildPhase;
			buildActionMask = 2147483647;
			files = (
				AA340DA6195DD2500060E412 /* Main_iPad.storyboard in Resources */,
				AA340DAE195DD2500060E412 /* Images.xcassets in Resources */,
				AA340DA3195DD2500060E412 /* Main_iPhone.storyboard in Resources */,
				AA340D9A195DD2500060E412 /* InfoPlist.strings in Resources */,
			);
			runOnlyForDeploymentPostprocessing = 0;
		};
		AA340DB1195DD2500060E412 /* Resources */ = {
			isa = PBXResourcesBuildPhase;
			buildActionMask = 2147483647;
			files = (
				AA340DBF195DD2500060E412 /* InfoPlist.strings in Resources */,
			);
			runOnlyForDeploymentPostprocessing = 0;
		};
/* End PBXResourcesBuildPhase section */

/* Begin PBXSourcesBuildPhase section */
		AA340D88195DD2500060E412 /* Sources */ = {
			isa = PBXSourcesBuildPhase;
			buildActionMask = 2147483647;
			files = (
				AA340DAC195DD2500060E412 /* FTSecondViewController.m in Sources */,
				AA340DA9195DD2500060E412 /* FTFirstViewController.m in Sources */,
				AA340DA0195DD2500060E412 /* FTAppDelegate.m in Sources */,
				AA340D9C195DD2500060E412 /* main.m in Sources */,
			);
			runOnlyForDeploymentPostprocessing = 0;
		};
		AA340DAF195DD2500060E412 /* Sources */ = {
			isa = PBXSourcesBuildPhase;
			buildActionMask = 2147483647;
			files = (
				AA340DC1195DD2500060E412 /* FingerTipsTests.m in Sources */,
			);
			runOnlyForDeploymentPostprocessing = 0;
		};
/* End PBXSourcesBuildPhase section */

/* Begin PBXTargetDependency section */
		AA340DB9195DD2500060E412 /* PBXTargetDependency */ = {
			isa = PBXTargetDependency;
			target = AA340D8B195DD2500060E412 /* FingerTips */;
			targetProxy = AA340DB8195DD2500060E412 /* PBXContainerItemProxy */;
		};
/* End PBXTargetDependency section */

/* Begin PBXVariantGroup section */
		AA340D98195DD2500060E412 /* InfoPlist.strings */ = {
			isa = PBXVariantGroup;
			children = (
				AA340D99195DD2500060E412 /* en */,
			);
			name = InfoPlist.strings;
			sourceTree = "<group>";
		};
		AA340DA1195DD2500060E412 /* Main_iPhone.storyboard */ = {
			isa = PBXVariantGroup;
			children = (
				AA340DA2195DD2500060E412 /* Base */,
			);
			name = Main_iPhone.storyboard;
			sourceTree = "<group>";
		};
		AA340DA4195DD2500060E412 /* Main_iPad.storyboard */ = {
			isa = PBXVariantGroup;
			children = (
				AA340DA5195DD2500060E412 /* Base */,
			);
			name = Main_iPad.storyboard;
			sourceTree = "<group>";
		};
		AA340DBD195DD2500060E412 /* InfoPlist.strings */ = {
			isa = PBXVariantGroup;
			children = (
				AA340DBE195DD2500060E412 /* en */,
			);
			name = InfoPlist.strings;
			sourceTree = "<group>";
		};
/* End PBXVariantGroup section */

/* Begin XCBuildConfiguration section */
		AA340DC2195DD2500060E412 /* Debug */ = {
			isa = XCBuildConfiguration;
			buildSettings = {
				ALWAYS_SEARCH_USER_PATHS = NO;
				CLANG_CXX_LANGUAGE_STANDARD = "gnu++0x";
				CLANG_CXX_LIBRARY = "libc++";
				CLANG_ENABLE_MODULES = YES;
				CLANG_ENABLE_OBJC_ARC = YES;
				CLANG_WARN_BOOL_CONVERSION = YES;
				CLANG_WARN_CONSTANT_CONVERSION = YES;
				CLANG_WARN_DIRECT_OBJC_ISA_USAGE = YES_ERROR;
				CLANG_WARN_EMPTY_BODY = YES;
				CLANG_WARN_ENUM_CONVERSION = YES;
				CLANG_WARN_INT_CONVERSION = YES;
				CLANG_WARN_OBJC_ROOT_CLASS = YES_ERROR;
				CLANG_WARN__DUPLICATE_METHOD_MATCH = YES;
				"CODE_SIGN_IDENTITY[sdk=iphoneos*]" = "iPhone Developer";
				COPY_PHASE_STRIP = NO;
				GCC_C_LANGUAGE_STANDARD = gnu99;
				GCC_DYNAMIC_NO_PIC = NO;
				GCC_OPTIMIZATION_LEVEL = 0;
				GCC_PREPROCESSOR_DEFINITIONS = (
					"DEBUG=1",
					"$(inherited)",
				);
				GCC_SYMBOLS_PRIVATE_EXTERN = NO;
				GCC_WARN_64_TO_32_BIT_CONVERSION = YES;
				GCC_WARN_ABOUT_RETURN_TYPE = YES_ERROR;
				GCC_WARN_UNDECLARED_SELECTOR = YES;
				GCC_WARN_UNINITIALIZED_AUTOS = YES_AGGRESSIVE;
				GCC_WARN_UNUSED_FUNCTION = YES;
				GCC_WARN_UNUSED_VARIABLE = YES;
				IPHONEOS_DEPLOYMENT_TARGET = 7.1;
				ONLY_ACTIVE_ARCH = YES;
				SDKROOT = iphoneos;
				TARGETED_DEVICE_FAMILY = "1,2";
			};
			name = Debug;
		};
		AA340DC3195DD2500060E412 /* Release */ = {
			isa = XCBuildConfiguration;
			buildSettings = {
				ALWAYS_SEARCH_USER_PATHS = NO;
				CLANG_CXX_LANGUAGE_STANDARD = "gnu++0x";
				CLANG_CXX_LIBRARY = "libc++";
				CLANG_ENABLE_MODULES = YES;
				CLANG_ENABLE_OBJC_ARC = YES;
				CLANG_WARN_BOOL_CONVERSION = YES;
				CLANG_WARN_CONSTANT_CONVERSION = YES;
				CLANG_WARN_DIRECT_OBJC_ISA_USAGE = YES_ERROR;
				CLANG_WARN_EMPTY_BODY = YES;
				CLANG_WARN_ENUM_CONVERSION = YES;
				CLANG_WARN_INT_CONVERSION = YES;
				CLANG_WARN_OBJC_ROOT_CLASS = YES_ERROR;
				CLANG_WARN__DUPLICATE_METHOD_MATCH = YES;
				"CODE_SIGN_IDENTITY[sdk=iphoneos*]" = "iPhone Developer";
				COPY_PHASE_STRIP = YES;
				ENABLE_NS_ASSERTIONS = NO;
				GCC_C_LANGUAGE_STANDARD = gnu99;
				GCC_WARN_64_TO_32_BIT_CONVERSION = YES;
				GCC_WARN_ABOUT_RETURN_TYPE = YES_ERROR;
				GCC_WARN_UNDECLARED_SELECTOR = YES;
				GCC_WARN_UNINITIALIZED_AUTOS = YES_AGGRESSIVE;
				GCC_WARN_UNUSED_FUNCTION = YES;
				GCC_WARN_UNUSED_VARIABLE = YES;
				IPHONEOS_DEPLOYMENT_TARGET = 7.1;
				SDKROOT = iphoneos;
				TARGETED_DEVICE_FAMILY = "1,2";
				VALIDATE_PRODUCT = YES;
			};
			name = Release;
		};
		AA340DC5195DD2500060E412 /* Debug */ = {
			isa = XCBuildConfiguration;
			buildSettings = {
				ASSETCATALOG_COMPILER_APPICON_NAME = AppIcon;
				ASSETCATALOG_COMPILER_LAUNCHIMAGE_NAME = LaunchImage;
				GCC_PRECOMPILE_PREFIX_HEADER = YES;
				GCC_PREFIX_HEADER = "FingerTips/FingerTips-Prefix.pch";
				INFOPLIST_FILE = "FingerTips/FingerTips-Info.plist";
				PRODUCT_NAME = "$(TARGET_NAME)";
				WRAPPER_EXTENSION = app;
			};
			name = Debug;
		};
		AA340DC6195DD2500060E412 /* Release */ = {
			isa = XCBuildConfiguration;
			buildSettings = {
				ASSETCATALOG_COMPILER_APPICON_NAME = AppIcon;
				ASSETCATALOG_COMPILER_LAUNCHIMAGE_NAME = LaunchImage;
				GCC_PRECOMPILE_PREFIX_HEADER = YES;
				GCC_PREFIX_HEADER = "FingerTips/FingerTips-Prefix.pch";
				INFOPLIST_FILE = "FingerTips/FingerTips-Info.plist";
				PRODUCT_NAME = "$(TARGET_NAME)";
				WRAPPER_EXTENSION = app;
			};
			name = Release;
		};
		AA340DC8195DD2500060E412 /* Debug */ = {
			isa = XCBuildConfiguration;
			buildSettings = {
				BUNDLE_LOADER = "$(BUILT_PRODUCTS_DIR)/FingerTips.app/FingerTips";
				FRAMEWORK_SEARCH_PATHS = (
					"$(SDKROOT)/Developer/Library/Frameworks",
					"$(inherited)",
					"$(DEVELOPER_FRAMEWORKS_DIR)",
				);
				GCC_PRECOMPILE_PREFIX_HEADER = YES;
				GCC_PREFIX_HEADER = "FingerTips/FingerTips-Prefix.pch";
				GCC_PREPROCESSOR_DEFINITIONS = (
					"DEBUG=1",
					"$(inherited)",
				);
				INFOPLIST_FILE = "FingerTipsTests/FingerTipsTests-Info.plist";
				PRODUCT_NAME = "$(TARGET_NAME)";
				TEST_HOST = "$(BUNDLE_LOADER)";
				WRAPPER_EXTENSION = xctest;
			};
			name = Debug;
		};
		AA340DC9195DD2500060E412 /* Release */ = {
			isa = XCBuildConfiguration;
			buildSettings = {
				BUNDLE_LOADER = "$(BUILT_PRODUCTS_DIR)/FingerTips.app/FingerTips";
				FRAMEWORK_SEARCH_PATHS = (
					"$(SDKROOT)/Developer/Library/Frameworks",
					"$(inherited)",
					"$(DEVELOPER_FRAMEWORKS_DIR)",
				);
				GCC_PRECOMPILE_PREFIX_HEADER = YES;
				GCC_PREFIX_HEADER = "FingerTips/FingerTips-Prefix.pch";
				INFOPLIST_FILE = "FingerTipsTests/FingerTipsTests-Info.plist";
				PRODUCT_NAME = "$(TARGET_NAME)";
				TEST_HOST = "$(BUNDLE_LOADER)";
				WRAPPER_EXTENSION = xctest;
			};
			name = Release;
		};
/* End XCBuildConfiguration section */

/* Begin XCConfigurationList section */
		AA340D87195DD2500060E412 /* Build configuration list for PBXProject "FingerTips" */ = {
			isa = XCConfigurationList;
			buildConfigurations = (
				AA340DC2195DD2500060E412 /* Debug */,
				AA340DC3195DD2500060E412 /* Release */,
			);
			defaultConfigurationIsVisible = 0;
			defaultConfigurationName = Release;
		};
		AA340DC4195DD2500060E412 /* Build configuration list for PBXNativeTarget "FingerTips" */ = {
			isa = XCConfigurationList;
			buildConfigurations = (
				AA340DC5195DD2500060E412 /* Debug */,
				AA340DC6195DD2500060E412 /* Release */,
			);
			defaultConfigurationIsVisible = 0;
		};
		AA340DC7195DD2500060E412 /* Build configuration list for PBXNativeTarget "FingerTipsTests" */ = {
			isa = XCConfigurationList;
			buildConfigurations = (
				AA340DC8195DD2500060E412 /* Debug */,
				AA340DC9195DD2500060E412 /* Release */,
			);
			defaultConfigurationIsVisible = 0;
		};
/* End XCConfigurationList section */
	};
	rootObject = AA340D84195DD2500060E412 /* Project object */;
}
